
Microsoft Visual Studio Solution File, Format Version 12.00
# Visual Studio Version 16
VisualStudioVersion = 16.0.30907.101
MinimumVisualStudioVersion = 10.0.40219.1
Project("{FAE04EC0-301F-11D3-BF4B-00C04F79EFBC}") = "Chapter1_Strategy", "DesignPatterns\Chapter1_Strategy.csproj", "{F8522891-6106-4EAF-9A7D-E6D94D591053}"
EndProject
Project("{FAE04EC0-301F-11D3-BF4B-00C04F79EFBC}") = "Chapter2_Observer", "Chapter2_Observer\Chapter2_Observer.csproj", "{B174031D-42AA-44EC-BF3A-3A79889EFB44}"
EndProject
Project("{FAE04EC0-301F-11D3-BF4B-00C04F79EFBC}") = "Chapter3_Decorator", "Chapter3_Decorator\Chapter3_Decorator.csproj", "{3BAF3454-DAA2-4B46-A4F0-8E2A29B90D46}"
EndProject
Project("{FAE04EC0-301F-11D3-BF4B-00C04F79EFBC}") = "Chapter4_Factory", "Chapter4_Factory\Chapter4_Factory.csproj", "{A87DA052-3638-43CC-A46D-B4D60950DBED}"
EndProject
Global
	GlobalSection(SolutionConfigurationPlatforms) = preSolution
		Debug|Any CPU = Debug|Any CPU
		Release|Any CPU = Release|Any CPU
	EndGlobalSection
	GlobalSection(ProjectConfigurationPlatforms) = postSolution
		{F8522891-6106-4EAF-9A7D-E6D94D591053}.Debug|Any CPU.ActiveCfg = Debug|Any CPU
		{F8522891-6106-4EAF-9A7D-E6D94D591053}.Debug|Any CPU.Build.0 = Debug|Any CPU
		{F8522891-6106-4EAF-9A7D-E6D94D591053}.Release|Any CPU.ActiveCfg = Release|Any CPU
		{F8522891-6106-4EAF-9A7D-E6D94D591053}.Release|Any CPU.Build.0 = Release|Any CPU
		{B174031D-42AA-44EC-BF3A-3A79889EFB44}.Debug|Any CPU.ActiveCfg = Debug|Any CPU
		{B174031D-42AA-44EC-BF3A-3A79889EFB44}.Debug|Any CPU.Build.0 = Debug|Any CPU
		{B174031D-42AA-44EC-BF3A-3A79889EFB44}.Release|Any CPU.ActiveCfg = Release|Any CPU
		{B174031D-42AA-44EC-BF3A-3A79889EFB44}.Release|Any CPU.Build.0 = Release|Any CPU
		{3BAF3454-DAA2-4B46-A4F0-8E2A29B90D46}.Debug|Any CPU.ActiveCfg = Debug|Any CPU
		{3BAF3454-DAA2-4B46-A4F0-8E2A29B90D46}.Debug|Any CPU.Build.0 = Debug|Any CPU
		{3BAF3454-DAA2-4B46-A4F0-8E2A29B90D46}.Release|Any CPU.ActiveCfg = Release|Any CPU
		{3BAF3454-DAA2-4B46-A4F0-8E2A29B90D46}.Release|Any CPU.Build.0 = Release|Any CPU
		{A87DA052-3638-43CC-A46D-B4D60950DBED}.Debug|Any CPU.ActiveCfg = Debug|Any CPU
		{A87DA052-3638-43CC-A46D-B4D60950DBED}.Debug|Any CPU.Build.0 = Debug|Any CPU
		{A87DA052-3638-43CC-A46D-B4D60950DBED}.Release|Any CPU.ActiveCfg = Release|Any CPU
		{A87DA052-3638-43CC-A46D-B4D60950DBED}.Release|Any CPU.Build.0 = Release|Any CPU
	EndGlobalSection
	GlobalSection(SolutionProperties) = preSolution
		HideSolutionNode = FALSE
	EndGlobalSection
	GlobalSection(ExtensibilityGlobals) = postSolution
		SolutionGuid = {E9C4F983-7AC5-4468-908D-35DFA6CA5DB0}
	EndGlobalSection
EndGlobal
